
Microsoft Visual Studio Solution File, Format Version 12.00
# Visual Studio 15
VisualStudioVersion = 15.0.27428.2015
MinimumVisualStudioVersion = 10.0.40219.1
Project("{FAE04EC0-301F-11D3-BF4B-00C04F79EFBC}") = "Azure-70-532-Labs", "Azure-70-532-Labs\Azure-70-532-Labs.csproj", "{09CD94D5-B6EE-4831-A99B-E2713E1C1CFE}"
EndProject
Global
	GlobalSection(SolutionConfigurationPlatforms) = preSolution
		Debug|Any CPU = Debug|Any CPU
		Release|Any CPU = Release|Any CPU
	EndGlobalSection
	GlobalSection(ProjectConfigurationPlatforms) = postSolution
		{09CD94D5-B6EE-4831-A99B-E2713E1C1CFE}.Debug|Any CPU.ActiveCfg = Debug|Any CPU
		{09CD94D5-B6EE-4831-A99B-E2713E1C1CFE}.Debug|Any CPU.Build.0 = Debug|Any CPU
		{09CD94D5-B6EE-4831-A99B-E2713E1C1CFE}.Release|Any CPU.ActiveCfg = Release|Any CPU
		{09CD94D5-B6EE-4831-A99B-E2713E1C1CFE}.Release|Any CPU.Build.0 = Release|Any CPU
	EndGlobalSection
	GlobalSection(SolutionProperties) = preSolution
		HideSolutionNode = FALSE
	EndGlobalSection
	GlobalSection(ExtensibilityGlobals) = postSolution
		SolutionGuid = {FF584B47-AF7E-440E-BE29-926D3710BA79}
	EndGlobalSection
EndGlobal
